
Microsoft Visual Studio Solution File, Format Version 12.00
# Visual Studio 15
VisualStudioVersion = 15.0.28307.1738
MinimumVisualStudioVersion = 10.0.40219.1
Project("{FAE04EC0-301F-11D3-BF4B-00C04F79EFBC}") = "EvaluacionImSoftware", "EvaluacionImSoftware\EvaluacionImSoftware.csproj", "{968A10EF-84F5-4C41-83D5-4455B2E4323F}"
EndProject
Global
	GlobalSection(SolutionConfigurationPlatforms) = preSolution
		Debug|Any CPU = Debug|Any CPU
		Release|Any CPU = Release|Any CPU
	EndGlobalSection
	GlobalSection(ProjectConfigurationPlatforms) = postSolution
		{968A10EF-84F5-4C41-83D5-4455B2E4323F}.Debug|Any CPU.ActiveCfg = Debug|Any CPU
		{968A10EF-84F5-4C41-83D5-4455B2E4323F}.Debug|Any CPU.Build.0 = Debug|Any CPU
		{968A10EF-84F5-4C41-83D5-4455B2E4323F}.Release|Any CPU.ActiveCfg = Release|Any CPU
		{968A10EF-84F5-4C41-83D5-4455B2E4323F}.Release|Any CPU.Build.0 = Release|Any CPU
	EndGlobalSection
	GlobalSection(SolutionProperties) = preSolution
		HideSolutionNode = FALSE
	EndGlobalSection
	GlobalSection(ExtensibilityGlobals) = postSolution
		SolutionGuid = {68A50311-941A-4C13-BC95-2F3EF16A7701}
	EndGlobalSection
EndGlobal
